// !$*UTF8*$!
{
	archiveVersion = 1;
	classes = {
	};
	objectVersion = 50;
	objects = {

/* Begin PBXBuildFile section */
		A7A584C0220F6A42009E4951 /* AppDelegate.swift in Sources */ = {isa = PBXBuildFile; fileRef = A7A584BF220F6A42009E4951 /* AppDelegate.swift */; };
		A7A584C5220F6A42009E4951 /* Main.storyboard in Resources */ = {isa = PBXBuildFile; fileRef = A7A584C3220F6A42009E4951 /* Main.storyboard */; };
		A7A584C7220F6A43009E4951 /* Assets.xcassets in Resources */ = {isa = PBXBuildFile; fileRef = A7A584C6220F6A43009E4951 /* Assets.xcassets */; };
		A7A584CA220F6A43009E4951 /* LaunchScreen.storyboard in Resources */ = {isa = PBXBuildFile; fileRef = A7A584C8220F6A43009E4951 /* LaunchScreen.storyboard */; };
		A7A584D8220F6A72009E4951 /* Canvas.swift in Sources */ = {isa = PBXBuildFile; fileRef = A7A584D7220F6A72009E4951 /* Canvas.swift */; };
		A7A584DC220F6D08009E4951 /* SignatureVC.swift in Sources */ = {isa = PBXBuildFile; fileRef = A7A584DB220F6D08009E4951 /* SignatureVC.swift */; };
		A7A584DE220F6D28009E4951 /* PreviewVC.swift in Sources */ = {isa = PBXBuildFile; fileRef = A7A584DD220F6D28009E4951 /* PreviewVC.swift */; };
		A7A584E1220F6ED3009E4951 /* Constants.swift in Sources */ = {isa = PBXBuildFile; fileRef = A7A584E0220F6ED3009E4951 /* Constants.swift */; };
		A7A584E5220F704C009E4951 /* ViewController+Extension.swift in Sources */ = {isa = PBXBuildFile; fileRef = A7A584E4220F704C009E4951 /* ViewController+Extension.swift */; };
/* End PBXBuildFile section */

/* Begin PBXFileReference section */
		A7A584BC220F6A42009E4951 /* AMSignatureView.app */ = {isa = PBXFileReference; explicitFileType = wrapper.application; includeInIndex = 0; path = AMSignatureView.app; sourceTree = BUILT_PRODUCTS_DIR; };
		A7A584BF220F6A42009E4951 /* AppDelegate.swift */ = {isa = PBXFileReference; lastKnownFileType = sourcecode.swift; path = AppDelegate.swift; sourceTree = "<group>"; };
		A7A584C4220F6A42009E4951 /* Base */ = {isa = PBXFileReference; lastKnownFileType = file.storyboard; name = Base; path = Base.lproj/Main.storyboard; sourceTree = "<group>"; };
		A7A584C6220F6A43009E4951 /* Assets.xcassets */ = {isa = PBXFileReference; lastKnownFileType = folder.assetcatalog; path = Assets.xcassets; sourceTree = "<group>"; };
		A7A584C9220F6A43009E4951 /* Base */ = {isa = PBXFileReference; lastKnownFileType = file.storyboard; name = Base; path = Base.lproj/LaunchScreen.storyboard; sourceTree = "<group>"; };
		A7A584CB220F6A43009E4951 /* Info.plist */ = {isa = PBXFileReference; lastKnownFileType = text.plist.xml; path = Info.plist; sourceTree = "<group>"; };
		A7A584D7220F6A72009E4951 /* Canvas.swift */ = {isa = PBXFileReference; fileEncoding = 4; lastKnownFileType = sourcecode.swift; path = Canvas.swift; sourceTree = "<group>"; };
		A7A584DB220F6D08009E4951 /* SignatureVC.swift */ = {isa = PBXFileReference; lastKnownFileType = sourcecode.swift; path = SignatureVC.swift; sourceTree = "<group>"; };
		A7A584DD220F6D28009E4951 /* PreviewVC.swift */ = {isa = PBXFileReference; lastKnownFileType = sourcecode.swift; path = PreviewVC.swift; sourceTree = "<group>"; };
		A7A584E0220F6ED3009E4951 /* Constants.swift */ = {isa = PBXFileReference; lastKnownFileType = sourcecode.swift; path = Constants.swift; sourceTree = "<group>"; };
		A7A584E4220F704C009E4951 /* ViewController+Extension.swift */ = {isa = PBXFileReference; lastKnownFileType = sourcecode.swift; path = "ViewController+Extension.swift"; sourceTree = "<group>"; };
/* End PBXFileReference section */

/* Begin PBXFrameworksBuildPhase section */
		A7A584B9220F6A42009E4951 /* Frameworks */ = {
			isa = PBXFrameworksBuildPhase;
			buildActionMask = 2147483647;
			files = (
			);
			runOnlyForDeploymentPostprocessing = 0;
		};
/* End PBXFrameworksBuildPhase section */

/* Begin PBXGroup section */
		A7A584B3220F6A42009E4951 = {
			isa = PBXGroup;
			children = (
				A7A584BE220F6A42009E4951 /* AMSignatureView */,
				A7A584BD220F6A42009E4951 /* Products */,
			);
			sourceTree = "<group>";
		};
		A7A584BD220F6A42009E4951 /* Products */ = {
			isa = PBXGroup;
			children = (
				A7A584BC220F6A42009E4951 /* AMSignatureView.app */,
			);
			name = Products;
			sourceTree = "<group>";
		};
		A7A584BE220F6A42009E4951 /* AMSignatureView */ = {
			isa = PBXGroup;
			children = (
				A7A584BF220F6A42009E4951 /* AppDelegate.swift */,
				A7A584DF220F6EC0009E4951 /* Helpers */,
				A7A584D3220F6A6A009E4951 /* Controller */,
				A7A584D6220F6A72009E4951 /* Views */,
				A7A584C3220F6A42009E4951 /* Main.storyboard */,
				A7A584C6220F6A43009E4951 /* Assets.xcassets */,
				A7A584C8220F6A43009E4951 /* LaunchScreen.storyboard */,
				A7A584CB220F6A43009E4951 /* Info.plist */,
			);
			path = AMSignatureView;
			sourceTree = "<group>";
		};
		A7A584D3220F6A6A009E4951 /* Controller */ = {
			isa = PBXGroup;
			children = (
				A7A584DB220F6D08009E4951 /* SignatureVC.swift */,
				A7A584DD220F6D28009E4951 /* PreviewVC.swift */,
			);
			name = Controller;
			path = ../../Draw_Something/Draw_Something/Controller;
			sourceTree = "<group>";
		};
		A7A584D6220F6A72009E4951 /* Views */ = {
			isa = PBXGroup;
			children = (
				A7A584D7220F6A72009E4951 /* Canvas.swift */,
			);
			path = Views;
			sourceTree = "<group>";
		};
		A7A584DF220F6EC0009E4951 /* Helpers */ = {
			isa = PBXGroup;
			children = (
				A7A584E0220F6ED3009E4951 /* Constants.swift */,
				A7A584E4220F704C009E4951 /* ViewController+Extension.swift */,
			);
			path = Helpers;
			sourceTree = "<group>";
		};
/* End PBXGroup section */

/* Begin PBXNativeTarget section */
		A7A584BB220F6A42009E4951 /* AMSignatureView */ = {
			isa = PBXNativeTarget;
			buildConfigurationList = A7A584CE220F6A43009E4951 /* Build configuration list for PBXNativeTarget "AMSignatureView" */;
			buildPhases = (
				A7A584B8220F6A42009E4951 /* Sources */,
				A7A584B9220F6A42009E4951 /* Frameworks */,
				A7A584BA220F6A42009E4951 /* Resources */,
			);
			buildRules = (
			);
			dependencies = (
			);
			name = AMSignatureView;
			productName = AMSignatureView;
			productReference = A7A584BC220F6A42009E4951 /* AMSignatureView.app */;
			productType = "com.apple.product-type.application";
		};
/* End PBXNativeTarget section */

/* Begin PBXProject section */
		A7A584B4220F6A42009E4951 /* Project object */ = {
			isa = PBXProject;
			attributes = {
				LastSwiftUpdateCheck = 1010;
				LastUpgradeCheck = 1010;
				ORGANIZATIONNAME = "Anmol Maheshwari";
				TargetAttributes = {
					A7A584BB220F6A42009E4951 = {
						CreatedOnToolsVersion = 10.1;
					};
				};
			};
			buildConfigurationList = A7A584B7220F6A42009E4951 /* Build configuration list for PBXProject "AMSignatureView" */;
			compatibilityVersion = "Xcode 9.3";
			developmentRegion = en;
			hasScannedForEncodings = 0;
			knownRegions = (
				en,
				Base,
			);
			mainGroup = A7A584B3220F6A42009E4951;
			productRefGroup = A7A584BD220F6A42009E4951 /* Products */;
			projectDirPath = "";
			projectRoot = "";
			targets = (
				A7A584BB220F6A42009E4951 /* AMSignatureView */,
			);
		};
/* End PBXProject section */

/* Begin PBXResourcesBuildPhase section */
		A7A584BA220F6A42009E4951 /* Resources */ = {
			isa = PBXResourcesBuildPhase;
			buildActionMask = 2147483647;
			files = (
				A7A584CA220F6A43009E4951 /* LaunchScreen.storyboard in Resources */,
				A7A584C7220F6A43009E4951 /* Assets.xcassets in Resources */,
				A7A584C5220F6A42009E4951 /* Main.storyboard in Resources */,
			);
			runOnlyForDeploymentPostprocessing = 0;
		};
/* End PBXResourcesBuildPhase section */

/* Begin PBXSourcesBuildPhase section */
		A7A584B8220F6A42009E4951 /* Sources */ = {
			isa = PBXSourcesBuildPhase;
			buildActionMask = 2147483647;
			files = (
				A7A584E1220F6ED3009E4951 /* Constants.swift in Sources */,
				A7A584C0220F6A42009E4951 /* AppDelegate.swift in Sources */,
				A7A584E5220F704C009E4951 /* ViewController+Extension.swift in Sources */,
				A7A584DE220F6D28009E4951 /* PreviewVC.swift in Sources */,
				A7A584D8220F6A72009E4951 /* Canvas.swift in Sources */,
				A7A584DC220F6D08009E4951 /* SignatureVC.swift in Sources */,
			);
			runOnlyForDeploymentPostprocessing = 0;
		};
/* End PBXSourcesBuildPhase section */

/* Begin PBXVariantGroup section */
		A7A584C3220F6A42009E4951 /* Main.storyboard */ = {
			isa = PBXVariantGroup;
			children = (
				A7A584C4220F6A42009E4951 /* Base */,
			);
			name = Main.storyboard;
			sourceTree = "<group>";
		};
		A7A584C8220F6A43009E4951 /* LaunchScreen.storyboard */ = {
			isa = PBXVariantGroup;
			children = (
				A7A584C9220F6A43009E4951 /* Base */,
			);
			name = LaunchScreen.storyboard;
			sourceTree = "<group>";
		};
/* End PBXVariantGroup section */

/* Begin XCBuildConfiguration section */
		A7A584CC220F6A43009E4951 /* Debug */ = {
			isa = XCBuildConfiguration;
			buildSettings = {
				ALWAYS_SEARCH_USER_PATHS = NO;
				CLANG_ANALYZER_NONNULL = YES;
				CLANG_ANALYZER_NUMBER_OBJECT_CONVERSION = YES_AGGRESSIVE;
				CLANG_CXX_LANGUAGE_STANDARD = "gnu++14";
				CLANG_CXX_LIBRARY = "libc++";
				CLANG_ENABLE_MODULES = YES;
				CLANG_ENABLE_OBJC_ARC = YES;
				CLANG_ENABLE_OBJC_WEAK = YES;
				CLANG_WARN_BLOCK_CAPTURE_AUTORELEASING = YES;
				CLANG_WARN_BOOL_CONVERSION = YES;
				CLANG_WARN_COMMA = YES;
				CLANG_WARN_CONSTANT_CONVERSION = YES;
				CLANG_WARN_DEPRECATED_OBJC_IMPLEMENTATIONS = YES;
				CLANG_WARN_DIRECT_OBJC_ISA_USAGE = YES_ERROR;
				CLANG_WARN_DOCUMENTATION_COMMENTS = YES;
				CLANG_WARN_EMPTY_BODY = YES;
				CLANG_WARN_ENUM_CONVERSION = YES;
				CLANG_WARN_INFINITE_RECURSION = YES;
				CLANG_WARN_INT_CONVERSION = YES;
				CLANG_WARN_NON_LITERAL_NULL_CONVERSION = YES;
				CLANG_WARN_OBJC_IMPLICIT_RETAIN_SELF = YES;
				CLANG_WARN_OBJC_LITERAL_CONVERSION = YES;
				CLANG_WARN_OBJC_ROOT_CLASS = YES_ERROR;
				CLANG_WARN_RANGE_LOOP_ANALYSIS = YES;
				CLANG_WARN_STRICT_PROTOTYPES = YES;
				CLANG_WARN_SUSPICIOUS_MOVE = YES;
				CLANG_WARN_UNGUARDED_AVAILABILITY = YES_AGGRESSIVE;
				CLANG_WARN_UNREACHABLE_CODE = YES;
				CLANG_WARN__DUPLICATE_METHOD_MATCH = YES;
				CODE_SIGN_IDENTITY = "iPhone Developer";
				COPY_PHASE_STRIP = NO;
				DEBUG_INFORMATION_FORMAT = dwarf;
				ENABLE_STRICT_OBJC_MSGSEND = YES;
				ENABLE_TESTABILITY = YES;
				GCC_C_LANGUAGE_STANDARD = gnu11;
				GCC_DYNAMIC_NO_PIC = NO;
				GCC_NO_COMMON_BLOCKS = YES;
				GCC_OPTIMIZATION_LEVEL = 0;
				GCC_PREPROCESSOR_DEFINITIONS = (
					"DEBUG=1",
					"$(inherited)",
				);
				GCC_WARN_64_TO_32_BIT_CONVERSION = YES;
				GCC_WARN_ABOUT_RETURN_TYPE = YES_ERROR;
				GCC_WARN_UNDECLARED_SELECTOR = YES;
				GCC_WARN_UNINITIALIZED_AUTOS = YES_AGGRESSIVE;
				GCC_WARN_UNUSED_FUNCTION = YES;
				GCC_WARN_UNUSED_VARIABLE = YES;
				IPHONEOS_DEPLOYMENT_TARGET = 12.1;
				MTL_ENABLE_DEBUG_INFO = INCLUDE_SOURCE;
				MTL_FAST_MATH = YES;
				ONLY_ACTIVE_ARCH = YES;
				SDKROOT = iphoneos;
				SWIFT_ACTIVE_COMPILATION_CONDITIONS = DEBUG;
				SWIFT_OPTIMIZATION_LEVEL = "-Onone";
			};
			name = Debug;
		};
		A7A584CD220F6A43009E4951 /* Release */ = {
			isa = XCBuildConfiguration;
			buildSettings = {
				ALWAYS_SEARCH_USER_PATHS = NO;
				CLANG_ANALYZER_NONNULL = YES;
				CLANG_ANALYZER_NUMBER_OBJECT_CONVERSION = YES_AGGRESSIVE;
				CLANG_CXX_LANGUAGE_STANDARD = "gnu++14";
				CLANG_CXX_LIBRARY = "libc++";
				CLANG_ENABLE_MODULES = YES;
				CLANG_ENABLE_OBJC_ARC = YES;
				CLANG_ENABLE_OBJC_WEAK = YES;
				CLANG_WARN_BLOCK_CAPTURE_AUTORELEASING = YES;
				CLANG_WARN_BOOL_CONVERSION = YES;
				CLANG_WARN_COMMA = YES;
				CLANG_WARN_CONSTANT_CONVERSION = YES;
				CLANG_WARN_DEPRECATED_OBJC_IMPLEMENTATIONS = YES;
				CLANG_WARN_DIRECT_OBJC_ISA_USAGE = YES_ERROR;
				CLANG_WARN_DOCUMENTATION_COMMENTS = YES;
				CLANG_WARN_EMPTY_BODY = YES;
				CLANG_WARN_ENUM_CONVERSION = YES;
				CLANG_WARN_INFINITE_RECURSION = YES;
				CLANG_WARN_INT_CONVERSION = YES;
				CLANG_WARN_NON_LITERAL_NULL_CONVERSION = YES;
				CLANG_WARN_OBJC_IMPLICIT_RETAIN_SELF = YES;
				CLANG_WARN_OBJC_LITERAL_CONVERSION = YES;
				CLANG_WARN_OBJC_ROOT_CLASS = YES_ERROR;
				CLANG_WARN_RANGE_LOOP_ANALYSIS = YES;
				CLANG_WARN_STRICT_PROTOTYPES = YES;
				CLANG_WARN_SUSPICIOUS_MOVE = YES;
				CLANG_WARN_UNGUARDED_AVAILABILITY = YES_AGGRESSIVE;
				CLANG_WARN_UNREACHABLE_CODE = YES;
				CLANG_WARN__DUPLICATE_METHOD_MATCH = YES;
				CODE_SIGN_IDENTITY = "iPhone Developer";
				COPY_PHASE_STRIP = NO;
				DEBUG_INFORMATION_FORMAT = "dwarf-with-dsym";
				ENABLE_NS_ASSERTIONS = NO;
				ENABLE_STRICT_OBJC_MSGSEND = YES;
				GCC_C_LANGUAGE_STANDARD = gnu11;
				GCC_NO_COMMON_BLOCKS = YES;
				GCC_WARN_64_TO_32_BIT_CONVERSION = YES;
				GCC_WARN_ABOUT_RETURN_TYPE = YES_ERROR;
				GCC_WARN_UNDECLARED_SELECTOR = YES;
				GCC_WARN_UNINITIALIZED_AUTOS = YES_AGGRESSIVE;
				GCC_WARN_UNUSED_FUNCTION = YES;
				GCC_WARN_UNUSED_VARIABLE = YES;
				IPHONEOS_DEPLOYMENT_TARGET = 12.1;
				MTL_ENABLE_DEBUG_INFO = NO;
				MTL_FAST_MATH = YES;
				SDKROOT = iphoneos;
				SWIFT_COMPILATION_MODE = wholemodule;
				SWIFT_OPTIMIZATION_LEVEL = "-O";
				VALIDATE_PRODUCT = YES;
			};
			name = Release;
		};
		A7A584CF220F6A43009E4951 /* Debug */ = {
			isa = XCBuildConfiguration;
			buildSettings = {
				ASSETCATALOG_COMPILER_APPICON_NAME = AppIcon;
				CODE_SIGN_STYLE = Manual;
				DEVELOPMENT_TEAM = "";
				INFOPLIST_FILE = AMSignatureView/Info.plist;
				LD_RUNPATH_SEARCH_PATHS = (
					"$(inherited)",
					"@executable_path/Frameworks",
				);
				PRODUCT_BUNDLE_IDENTIFIER = com.AMSignatureView;
				PRODUCT_NAME = "$(TARGET_NAME)";
				PROVISIONING_PROFILE_SPECIFIER = "";
				SWIFT_VERSION = 4.2;
				TARGETED_DEVICE_FAMILY = "1,2";
			};
			name = Debug;
		};
		A7A584D0220F6A43009E4951 /* Release */ = {
			isa = XCBuildConfiguration;
			buildSettings = {
				ASSETCATALOG_COMPILER_APPICON_NAME = AppIcon;
				CODE_SIGN_STYLE = Manual;
				DEVELOPMENT_TEAM = "";
				INFOPLIST_FILE = AMSignatureView/Info.plist;
				LD_RUNPATH_SEARCH_PATHS = (
					"$(inherited)",
					"@executable_path/Frameworks",
				);
				PRODUCT_BUNDLE_IDENTIFIER = com.AMSignatureView;
				PRODUCT_NAME = "$(TARGET_NAME)";
				PROVISIONING_PROFILE_SPECIFIER = "";
				SWIFT_VERSION = 4.2;
				TARGETED_DEVICE_FAMILY = "1,2";
			};
			name = Release;
		};
/* End XCBuildConfiguration section */

/* Begin XCConfigurationList section */
		A7A584B7220F6A42009E4951 /* Build configuration list for PBXProject "AMSignatureView" */ = {
			isa = XCConfigurationList;
			buildConfigurations = (
				A7A584CC220F6A43009E4951 /* Debug */,
				A7A584CD220F6A43009E4951 /* Release */,
			);
			defaultConfigurationIsVisible = 0;
			defaultConfigurationName = Release;
		};
		A7A584CE220F6A43009E4951 /* Build configuration list for PBXNativeTarget "AMSignatureView" */ = {
			isa = XCConfigurationList;
			buildConfigurations = (
				A7A584CF220F6A43009E4951 /* Debug */,
				A7A584D0220F6A43009E4951 /* Release */,
			);
			defaultConfigurationIsVisible = 0;
			defaultConfigurationName = Release;
		};
/* End XCConfigurationList section */
	};
	rootObject = A7A584B4220F6A42009E4951 /* Project object */;
}
